
Microsoft Visual Studio Solution File, Format Version 12.00
# Visual Studio Version 17
VisualStudioVersion = 17.10.34928.147
MinimumVisualStudioVersion = 10.0.40219.1
Project("{FAE04EC0-301F-11D3-BF4B-00C04F79EFBC}") = "uri1005", "uri1005\uri1005.csproj", "{7DF13BEC-1C24-48BF-868A-AF334EA3B5B1}"
EndProject
Global
	GlobalSection(SolutionConfigurationPlatforms) = preSolution
		Debug|Any CPU = Debug|Any CPU
		Release|Any CPU = Release|Any CPU
	EndGlobalSection
	GlobalSection(ProjectConfigurationPlatforms) = postSolution
		{7DF13BEC-1C24-48BF-868A-AF334EA3B5B1}.Debug|Any CPU.ActiveCfg = Debug|Any CPU
		{7DF13BEC-1C24-48BF-868A-AF334EA3B5B1}.Debug|Any CPU.Build.0 = Debug|Any CPU
		{7DF13BEC-1C24-48BF-868A-AF334EA3B5B1}.Release|Any CPU.ActiveCfg = Release|Any CPU
		{7DF13BEC-1C24-48BF-868A-AF334EA3B5B1}.Release|Any CPU.Build.0 = Release|Any CPU
	EndGlobalSection
	GlobalSection(SolutionProperties) = preSolution
		HideSolutionNode = FALSE
	EndGlobalSection
	GlobalSection(ExtensibilityGlobals) = postSolution
		SolutionGuid = {1253B6DD-97E3-4FB2-BC99-E433F425B079}
	EndGlobalSection
EndGlobal
