
Microsoft Visual Studio Solution File, Format Version 12.00
# Visual Studio Version 17
VisualStudioVersion = 17.10.34928.147
MinimumVisualStudioVersion = 10.0.40219.1
Project("{FAE04EC0-301F-11D3-BF4B-00C04F79EFBC}") = "extremamenteBasico", "extremamenteBasico\extremamenteBasico.csproj", "{4B570FDD-B2FE-4F08-9BD6-CD0EC0C7FF1F}"
EndProject
Global
	GlobalSection(SolutionConfigurationPlatforms) = preSolution
		Debug|Any CPU = Debug|Any CPU
		Release|Any CPU = Release|Any CPU
	EndGlobalSection
	GlobalSection(ProjectConfigurationPlatforms) = postSolution
		{4B570FDD-B2FE-4F08-9BD6-CD0EC0C7FF1F}.Debug|Any CPU.ActiveCfg = Debug|Any CPU
		{4B570FDD-B2FE-4F08-9BD6-CD0EC0C7FF1F}.Debug|Any CPU.Build.0 = Debug|Any CPU
		{4B570FDD-B2FE-4F08-9BD6-CD0EC0C7FF1F}.Release|Any CPU.ActiveCfg = Release|Any CPU
		{4B570FDD-B2FE-4F08-9BD6-CD0EC0C7FF1F}.Release|Any CPU.Build.0 = Release|Any CPU
	EndGlobalSection
	GlobalSection(SolutionProperties) = preSolution
		HideSolutionNode = FALSE
	EndGlobalSection
	GlobalSection(ExtensibilityGlobals) = postSolution
		SolutionGuid = {0483C7CB-B0AB-4840-903B-4C1D7B7C2674}
	EndGlobalSection
EndGlobal
